
Microsoft Visual Studio Solution File, Format Version 12.00
# Visual Studio Version 17
VisualStudioVersion = 17.3.32804.467
MinimumVisualStudioVersion = 10.0.40219.1
Project("{FAE04EC0-301F-11D3-BF4B-00C04F79EFBC}") = "Exercicio8", "Exercicio8\Exercicio8.csproj", "{29DFF91D-E9D5-4D0F-911B-4DCDE92CF708}"
EndProject
Global
	GlobalSection(SolutionConfigurationPlatforms) = preSolution
		Debug|Any CPU = Debug|Any CPU
		Release|Any CPU = Release|Any CPU
	EndGlobalSection
	GlobalSection(ProjectConfigurationPlatforms) = postSolution
		{29DFF91D-E9D5-4D0F-911B-4DCDE92CF708}.Debug|Any CPU.ActiveCfg = Debug|Any CPU
		{29DFF91D-E9D5-4D0F-911B-4DCDE92CF708}.Debug|Any CPU.Build.0 = Debug|Any CPU
		{29DFF91D-E9D5-4D0F-911B-4DCDE92CF708}.Release|Any CPU.ActiveCfg = Release|Any CPU
		{29DFF91D-E9D5-4D0F-911B-4DCDE92CF708}.Release|Any CPU.Build.0 = Release|Any CPU
	EndGlobalSection
	GlobalSection(SolutionProperties) = preSolution
		HideSolutionNode = FALSE
	EndGlobalSection
	GlobalSection(ExtensibilityGlobals) = postSolution
		SolutionGuid = {9F82C289-B970-47C3-9701-BED326600DB1}
	EndGlobalSection
EndGlobal
